# This file is autogenerated, do not edit; changes may be undone by the next 'dep ensure'.


[[projects]]
  branch = "master"
  digest = "1:dbd2b63224b02f9c7fd0631edaf6588dfb05fc20608f548fb603ef096fa87474"
  name = "github.com/streadway/amqp"
  packages = ["."]
  pruneopts = "UT"
  revision = "884228600bc96c993ab12fb81ba78bf0c280e88a"

[solve-meta]
  analyzer-name = "dep"
  analyzer-version = 1
  input-imports = ["github.com/streadway/amqp"]
  solver-name = "gps-cdcl"
  solver-version = 1
